
Microsoft Visual Studio Solution File, Format Version 12.00
# Visual Studio Version 17
VisualStudioVersion = 17.2.32602.215
MinimumVisualStudioVersion = 10.0.40219.1
Project("{9A19103F-16F7-4668-BE54-9A1E7A4F7556}") = "MinimalAPI", "src\MinimalAPI\MinimalAPI.csproj", "{E85543ED-FA42-44DD-A098-B334248238CB}"
EndProject
Project("{2150E333-8FDC-42A3-9474-1A3956D46DE8}") = "Solution Items", "Solution Items", "{4D605D68-F2DD-4FCC-A83A-5A8CCA30B9E4}"
EndProject
Project("{E53339B2-1760-4266-BCC7-CA923CBCF16C}") = "docker-compose", "docker-compose.dcproj", "{DF1AD417-EAFB-4B15-9339-97870168C498}"
EndProject
Project("{2150E333-8FDC-42A3-9474-1A3956D46DE8}") = ".deploy", ".deploy", "{64702471-163C-497D-9B74-1AC6374287A5}"
EndProject
Global
	GlobalSection(SolutionConfigurationPlatforms) = preSolution
		Debug|Any CPU = Debug|Any CPU
		Release|Any CPU = Release|Any CPU
	EndGlobalSection
	GlobalSection(ProjectConfigurationPlatforms) = postSolution
		{E85543ED-FA42-44DD-A098-B334248238CB}.Debug|Any CPU.ActiveCfg = Debug|Any CPU
		{E85543ED-FA42-44DD-A098-B334248238CB}.Debug|Any CPU.Build.0 = Debug|Any CPU
		{E85543ED-FA42-44DD-A098-B334248238CB}.Release|Any CPU.ActiveCfg = Release|Any CPU
		{E85543ED-FA42-44DD-A098-B334248238CB}.Release|Any CPU.Build.0 = Release|Any CPU
		{DF1AD417-EAFB-4B15-9339-97870168C498}.Debug|Any CPU.ActiveCfg = Debug|Any CPU
		{DF1AD417-EAFB-4B15-9339-97870168C498}.Debug|Any CPU.Build.0 = Debug|Any CPU
		{DF1AD417-EAFB-4B15-9339-97870168C498}.Release|Any CPU.ActiveCfg = Release|Any CPU
		{DF1AD417-EAFB-4B15-9339-97870168C498}.Release|Any CPU.Build.0 = Release|Any CPU
	EndGlobalSection
	GlobalSection(SolutionProperties) = preSolution
		HideSolutionNode = FALSE
	EndGlobalSection
	GlobalSection(NestedProjects) = preSolution
		{DF1AD417-EAFB-4B15-9339-97870168C498} = {4D605D68-F2DD-4FCC-A83A-5A8CCA30B9E4}
		{64702471-163C-497D-9B74-1AC6374287A5} = {4D605D68-F2DD-4FCC-A83A-5A8CCA30B9E4}
	EndGlobalSection
	GlobalSection(ExtensibilityGlobals) = postSolution
		SolutionGuid = {D4EE1380-D1DD-4FEF-9EAE-1A7767545D81}
	EndGlobalSection
EndGlobal
